
Microsoft Visual Studio Solution File, Format Version 12.00
# Visual Studio Version 17
VisualStudioVersion = 17.0.31919.166
MinimumVisualStudioVersion = 10.0.40219.1
Project("{FAE04EC0-301F-11D3-BF4B-00C04F79EFBC}") = "HillCipher", "HillCipher\HillCipher.csproj", "{9ED233F2-BF5F-4EF2-9D62-AA1C6A61D35C}"
EndProject
Global
	GlobalSection(SolutionConfigurationPlatforms) = preSolution
		Debug|Any CPU = Debug|Any CPU
		Release|Any CPU = Release|Any CPU
	EndGlobalSection
	GlobalSection(ProjectConfigurationPlatforms) = postSolution
		{9ED233F2-BF5F-4EF2-9D62-AA1C6A61D35C}.Debug|Any CPU.ActiveCfg = Debug|Any CPU
		{9ED233F2-BF5F-4EF2-9D62-AA1C6A61D35C}.Debug|Any CPU.Build.0 = Debug|Any CPU
		{9ED233F2-BF5F-4EF2-9D62-AA1C6A61D35C}.Release|Any CPU.ActiveCfg = Release|Any CPU
		{9ED233F2-BF5F-4EF2-9D62-AA1C6A61D35C}.Release|Any CPU.Build.0 = Release|Any CPU
	EndGlobalSection
	GlobalSection(SolutionProperties) = preSolution
		HideSolutionNode = FALSE
	EndGlobalSection
	GlobalSection(ExtensibilityGlobals) = postSolution
		SolutionGuid = {992B4669-C6C0-4B91-9678-A76355F1C1F9}
	EndGlobalSection
EndGlobal
